# Generated by pub
# See https://dart.dev/tools/pub/glossary#lockfile
packages:
  animated_collection:
    dependency: transitive
    description:
      path: "."
      ref: HEAD
      resolved-ref: d724abf91595f58ed58f6c722ebe60acdb750c67
      url: "https://git.oa00.com/flutter_pub/animated_collection.git"
    source: git
    version: "0.0.1"
  ansu_ui:
    dependency: "direct main"
    description:
      path: ".."
      relative: true
    source: path
    version: "1.0.0"
  args:
    dependency: "direct main"
    description:
      name: args
      url: "https://pub.flutter-io.cn"
    source: hosted
    version: "2.2.0"
  async:
    dependency: transitive
    description:
      name: async
      url: "https://pub.flutter-io.cn"
    source: hosted
    version: "2.8.2"
  auto_size_text_pk:
    dependency: transitive
    description:
      name: auto_size_text_pk
      url: "https://pub.flutter-io.cn"
    source: hosted
    version: "3.0.0"
  bot_toast:
    dependency: transitive
    description:
      name: bot_toast
      url: "https://pub.flutter-io.cn"
    source: hosted
    version: "4.0.1"
  characters:
    dependency: transitive
    description:
      name: characters
      url: "https://pub.flutter-io.cn"
    source: hosted
    version: "1.2.0"
  charcode:
    dependency: transitive
    description:
      name: charcode
      url: "https://pub.flutter-io.cn"
    source: hosted
    version: "1.3.1"
  cli_util:
    dependency: transitive
    description:
      name: cli_util
      url: "https://pub.flutter-io.cn"
    source: hosted
    version: "0.3.3"
  clock:
    dependency: transitive
    description:
      name: clock
      url: "https://pub.flutter-io.cn"
    source: hosted
    version: "1.1.0"
  collection:
    dependency: transitive
    description:
      name: collection
      url: "https://pub.flutter-io.cn"
    source: hosted
    version: "1.15.0"
  cross_file:
    dependency: transitive
    description:
      name: cross_file
      url: "https://pub.flutter-io.cn"
    source: hosted
    version: "0.3.1+4"
  cupertino_icons:
    dependency: "direct main"
    description:
      name: cupertino_icons
      url: "https://pub.flutter-io.cn"
    source: hosted
    version: "1.0.3"
  expandable:
    dependency: transitive
    description:
      name: expandable
      url: "https://pub.flutter-io.cn"
    source: hosted
    version: "5.0.1"
  file:
    dependency: transitive
    description:
      name: file
      url: "https://pub.flutter-io.cn"
    source: hosted
    version: "6.1.2"
  flutter:
    dependency: "direct main"
    description: flutter
    source: sdk
    version: "0.0.0"
  flutter_easyrefresh:
    dependency: transitive
    description:
      name: flutter_easyrefresh
      url: "https://pub.flutter-io.cn"
    source: hosted
    version: "2.2.1"
  flutter_localizations:
    dependency: "direct main"
    description: flutter
    source: sdk
    version: "0.0.0"
  flutter_plugin_android_lifecycle:
    dependency: transitive
    description:
      name: flutter_plugin_android_lifecycle
      url: "https://pub.flutter-io.cn"
    source: hosted
    version: "2.0.2"
  flutter_screenutil:
    dependency: transitive
    description:
      name: flutter_screenutil
      url: "https://pub.flutter-io.cn"
    source: hosted
    version: "5.0.0+2"
  flutter_web_plugins:
    dependency: transitive
    description: flutter
    source: sdk
    version: "0.0.0"
  get:
    dependency: "direct main"
    description:
      name: get
      url: "https://pub.flutter-io.cn"
    source: hosted
    version: "4.3.8"
  glob:
    dependency: transitive
    description:
      name: glob
      url: "https://pub.flutter-io.cn"
    source: hosted
    version: "2.0.1"
  grinder:
    dependency: "direct main"
    description:
      name: grinder
      url: "https://pub.flutter-io.cn"
    source: hosted
    version: "0.9.0"
  http:
    dependency: transitive
    description:
      name: http
      url: "https://pub.flutter-io.cn"
    source: hosted
    version: "0.13.3"
  http_parser:
    dependency: transitive
    description:
      name: http_parser
      url: "https://pub.flutter-io.cn"
    source: hosted
    version: "4.0.0"
  image_picker:
    dependency: transitive
    description:
      name: image_picker
      url: "https://pub.flutter-io.cn"
    source: hosted
    version: "0.7.5+4"
  image_picker_for_web:
    dependency: transitive
    description:
      name: image_picker_for_web
      url: "https://pub.flutter-io.cn"
    source: hosted
    version: "2.1.3"
  image_picker_platform_interface:
    dependency: transitive
    description:
      name: image_picker_platform_interface
      url: "https://pub.flutter-io.cn"
    source: hosted
    version: "2.3.0"
  intl:
    dependency: transitive
    description:
      name: intl
      url: "https://pub.flutter-io.cn"
    source: hosted
    version: "0.17.0"
  js:
    dependency: transitive
    description:
      name: js
      url: "https://pub.flutter-io.cn"
    source: hosted
    version: "0.6.3"
  lpinyin:
    dependency: transitive
    description:
      name: lpinyin
      url: "https://pub.flutter-io.cn"
    source: hosted
    version: "2.0.3"
  meta:
    dependency: transitive
    description:
      name: meta
      url: "https://pub.flutter-io.cn"
    source: hosted
    version: "1.7.0"
  path:
    dependency: transitive
    description:
      name: path
      url: "https://pub.flutter-io.cn"
    source: hosted
    version: "1.8.0"
  pedantic:
    dependency: transitive
    description:
      name: pedantic
      url: "https://pub.flutter-io.cn"
    source: hosted
    version: "1.11.1"
  plugin_platform_interface:
    dependency: transitive
    description:
      name: plugin_platform_interface
      url: "https://pub.flutter-io.cn"
    source: hosted
    version: "2.0.1"
  sky_engine:
    dependency: transitive
    description: flutter
    source: sdk
    version: "0.0.99"
  source_span:
    dependency: transitive
    description:
      name: source_span
      url: "https://pub.flutter-io.cn"
    source: hosted
    version: "1.8.1"
  string_scanner:
    dependency: transitive
    description:
      name: string_scanner
      url: "https://pub.flutter-io.cn"
    source: hosted
    version: "1.1.0"
  term_glyph:
    dependency: transitive
    description:
      name: term_glyph
      url: "https://pub.flutter-io.cn"
    source: hosted
    version: "1.2.0"
  typed_data:
    dependency: transitive
    description:
      name: typed_data
      url: "https://pub.flutter-io.cn"
    source: hosted
    version: "1.3.0"
  vector_math:
    dependency: transitive
    description:
      name: vector_math
      url: "https://pub.flutter-io.cn"
    source: hosted
    version: "2.1.1"
  velocity_x:
    dependency: transitive
    description:
      name: velocity_x
      url: "https://pub.flutter-io.cn"
    source: hosted
    version: "3.3.0"
  vxstate:
    dependency: transitive
    description:
      name: vxstate
      url: "https://pub.flutter-io.cn"
    source: hosted
    version: "2.1.0"
sdks:
  dart: ">=2.14.0 <3.0.0"
  flutter: ">=2.0.0"
